
Microsoft Visual Studio Solution File, Format Version 12.00
# Visual Studio Version 16
VisualStudioVersion = 16.0.30711.63
MinimumVisualStudioVersion = 10.0.40219.1
Project("{9A19103F-16F7-4668-BE54-9A1E7A4F7556}") = "WordWrap", "WordWrap\WordWrap.csproj", "{8B7C1947-FA65-48D6-8B5B-0B0A1D91AAAB}"
EndProject
Project("{9A19103F-16F7-4668-BE54-9A1E7A4F7556}") = "ReplaceDigits", "ReplaceDigits\ReplaceDigits.csproj", "{34FF49E0-F3DB-49CD-93D8-EE8A23E9B721}"
EndProject
Project("{9A19103F-16F7-4668-BE54-9A1E7A4F7556}") = "CharacterCount", "CharacterCount\CharacterCount.csproj", "{5D696CAF-3F52-4EC0-A529-CC0B7BFC21B9}"
EndProject
Project("{9A19103F-16F7-4668-BE54-9A1E7A4F7556}") = "MatrixMultiplication", "MatrixMultiplication\MatrixMultiplication.csproj", "{B5379E9A-F8AF-4A91-9713-E3620696ACCC}"
EndProject
Project("{9A19103F-16F7-4668-BE54-9A1E7A4F7556}") = "DictionaryReplacer", "DictionaryReplacer\DictionaryReplacer.csproj", "{2C8BC880-72ED-429F-9D5E-B7DFAB71200C}"
EndProject
Project("{9A19103F-16F7-4668-BE54-9A1E7A4F7556}") = "Range", "Range\Range.csproj", "{251806A8-7246-4170-B691-2A62A58642E0}"
EndProject
Global
	GlobalSection(SolutionConfigurationPlatforms) = preSolution
		Debug|Any CPU = Debug|Any CPU
		Release|Any CPU = Release|Any CPU
	EndGlobalSection
	GlobalSection(ProjectConfigurationPlatforms) = postSolution
		{8B7C1947-FA65-48D6-8B5B-0B0A1D91AAAB}.Debug|Any CPU.ActiveCfg = Debug|Any CPU
		{8B7C1947-FA65-48D6-8B5B-0B0A1D91AAAB}.Debug|Any CPU.Build.0 = Debug|Any CPU
		{8B7C1947-FA65-48D6-8B5B-0B0A1D91AAAB}.Release|Any CPU.ActiveCfg = Release|Any CPU
		{8B7C1947-FA65-48D6-8B5B-0B0A1D91AAAB}.Release|Any CPU.Build.0 = Release|Any CPU
		{34FF49E0-F3DB-49CD-93D8-EE8A23E9B721}.Debug|Any CPU.ActiveCfg = Debug|Any CPU
		{34FF49E0-F3DB-49CD-93D8-EE8A23E9B721}.Debug|Any CPU.Build.0 = Debug|Any CPU
		{34FF49E0-F3DB-49CD-93D8-EE8A23E9B721}.Release|Any CPU.ActiveCfg = Release|Any CPU
		{34FF49E0-F3DB-49CD-93D8-EE8A23E9B721}.Release|Any CPU.Build.0 = Release|Any CPU
		{5D696CAF-3F52-4EC0-A529-CC0B7BFC21B9}.Debug|Any CPU.ActiveCfg = Debug|Any CPU
		{5D696CAF-3F52-4EC0-A529-CC0B7BFC21B9}.Debug|Any CPU.Build.0 = Debug|Any CPU
		{5D696CAF-3F52-4EC0-A529-CC0B7BFC21B9}.Release|Any CPU.ActiveCfg = Release|Any CPU
		{5D696CAF-3F52-4EC0-A529-CC0B7BFC21B9}.Release|Any CPU.Build.0 = Release|Any CPU
		{B5379E9A-F8AF-4A91-9713-E3620696ACCC}.Debug|Any CPU.ActiveCfg = Debug|Any CPU
		{B5379E9A-F8AF-4A91-9713-E3620696ACCC}.Debug|Any CPU.Build.0 = Debug|Any CPU
		{B5379E9A-F8AF-4A91-9713-E3620696ACCC}.Release|Any CPU.ActiveCfg = Release|Any CPU
		{B5379E9A-F8AF-4A91-9713-E3620696ACCC}.Release|Any CPU.Build.0 = Release|Any CPU
		{2C8BC880-72ED-429F-9D5E-B7DFAB71200C}.Debug|Any CPU.ActiveCfg = Debug|Any CPU
		{2C8BC880-72ED-429F-9D5E-B7DFAB71200C}.Debug|Any CPU.Build.0 = Debug|Any CPU
		{2C8BC880-72ED-429F-9D5E-B7DFAB71200C}.Release|Any CPU.ActiveCfg = Release|Any CPU
		{2C8BC880-72ED-429F-9D5E-B7DFAB71200C}.Release|Any CPU.Build.0 = Release|Any CPU
		{251806A8-7246-4170-B691-2A62A58642E0}.Debug|Any CPU.ActiveCfg = Debug|Any CPU
		{251806A8-7246-4170-B691-2A62A58642E0}.Debug|Any CPU.Build.0 = Debug|Any CPU
		{251806A8-7246-4170-B691-2A62A58642E0}.Release|Any CPU.ActiveCfg = Release|Any CPU
		{251806A8-7246-4170-B691-2A62A58642E0}.Release|Any CPU.Build.0 = Release|Any CPU
	EndGlobalSection
	GlobalSection(SolutionProperties) = preSolution
		HideSolutionNode = FALSE
	EndGlobalSection
	GlobalSection(ExtensibilityGlobals) = postSolution
		SolutionGuid = {9070AB96-2511-4A68-8EC5-92AE1FFA415D}
	EndGlobalSection
EndGlobal
